// !$*UTF8*$!
{
	archiveVersion = 1;
	classes = {
	};
	objectVersion = 56;
	objects = {

/* Begin PBXBuildFile section */
		9551D2BC29664DB200902AE7 /* SwiftUI_ChatGPT_AppApp.swift in Sources */ = {isa = PBXBuildFile; fileRef = 9551D2BB29664DB200902AE7 /* SwiftUI_ChatGPT_AppApp.swift */; };
		9551D2BE29664DB200902AE7 /* ContentView.swift in Sources */ = {isa = PBXBuildFile; fileRef = 9551D2BD29664DB200902AE7 /* ContentView.swift */; };
		9551D2C029664DB300902AE7 /* Assets.xcassets in Resources */ = {isa = PBXBuildFile; fileRef = 9551D2BF29664DB300902AE7 /* Assets.xcassets */; };
		9551D2C329664DB300902AE7 /* Preview Assets.xcassets in Resources */ = {isa = PBXBuildFile; fileRef = 9551D2C229664DB300902AE7 /* Preview Assets.xcassets */; };
		9551D2CD29664DB300902AE7 /* SwiftUI_ChatGPT_AppTests.swift in Sources */ = {isa = PBXBuildFile; fileRef = 9551D2CC29664DB300902AE7 /* SwiftUI_ChatGPT_AppTests.swift */; };
		9551D2D729664DB300902AE7 /* SwiftUI_ChatGPT_AppUITests.swift in Sources */ = {isa = PBXBuildFile; fileRef = 9551D2D629664DB300902AE7 /* SwiftUI_ChatGPT_AppUITests.swift */; };
		9551D2D929664DB300902AE7 /* SwiftUI_ChatGPT_AppUITestsLaunchTests.swift in Sources */ = {isa = PBXBuildFile; fileRef = 9551D2D829664DB300902AE7 /* SwiftUI_ChatGPT_AppUITestsLaunchTests.swift */; };
		9551D2E729664E2C00902AE7 /* OpenAISwift in Frameworks */ = {isa = PBXBuildFile; productRef = 9551D2E629664E2C00902AE7 /* OpenAISwift */; };
		9551D2EA29665C2800902AE7 /* PKHUD in Frameworks */ = {isa = PBXBuildFile; productRef = 9551D2E929665C2800902AE7 /* PKHUD */; };
/* End PBXBuildFile section */

/* Begin PBXContainerItemProxy section */
		9551D2C929664DB300902AE7 /* PBXContainerItemProxy */ = {
			isa = PBXContainerItemProxy;
			containerPortal = 9551D2B029664DB200902AE7 /* Project object */;
			proxyType = 1;
			remoteGlobalIDString = 9551D2B729664DB200902AE7;
			remoteInfo = "SwiftUI-ChatGPT-App";
		};
		9551D2D329664DB300902AE7 /* PBXContainerItemProxy */ = {
			isa = PBXContainerItemProxy;
			containerPortal = 9551D2B029664DB200902AE7 /* Project object */;
			proxyType = 1;
			remoteGlobalIDString = 9551D2B729664DB200902AE7;
			remoteInfo = "SwiftUI-ChatGPT-App";
		};
/* End PBXContainerItemProxy section */

/* Begin PBXFileReference section */
		9551D2B829664DB200902AE7 /* SwiftUI-ChatGPT-App.app */ = {isa = PBXFileReference; explicitFileType = wrapper.application; includeInIndex = 0; path = "SwiftUI-ChatGPT-App.app"; sourceTree = BUILT_PRODUCTS_DIR; };
		9551D2BB29664DB200902AE7 /* SwiftUI_ChatGPT_AppApp.swift */ = {isa = PBXFileReference; lastKnownFileType = sourcecode.swift; path = SwiftUI_ChatGPT_AppApp.swift; sourceTree = "<group>"; };
		9551D2BD29664DB200902AE7 /* ContentView.swift */ = {isa = PBXFileReference; lastKnownFileType = sourcecode.swift; path = ContentView.swift; sourceTree = "<group>"; };
		9551D2BF29664DB300902AE7 /* Assets.xcassets */ = {isa = PBXFileReference; lastKnownFileType = folder.assetcatalog; path = Assets.xcassets; sourceTree = "<group>"; };
		9551D2C229664DB300902AE7 /* Preview Assets.xcassets */ = {isa = PBXFileReference; lastKnownFileType = folder.assetcatalog; path = "Preview Assets.xcassets"; sourceTree = "<group>"; };
		9551D2C829664DB300902AE7 /* SwiftUI-ChatGPT-AppTests.xctest */ = {isa = PBXFileReference; explicitFileType = wrapper.cfbundle; includeInIndex = 0; path = "SwiftUI-ChatGPT-AppTests.xctest"; sourceTree = BUILT_PRODUCTS_DIR; };
		9551D2CC29664DB300902AE7 /* SwiftUI_ChatGPT_AppTests.swift */ = {isa = PBXFileReference; lastKnownFileType = sourcecode.swift; path = SwiftUI_ChatGPT_AppTests.swift; sourceTree = "<group>"; };
		9551D2D229664DB300902AE7 /* SwiftUI-ChatGPT-AppUITests.xctest */ = {isa = PBXFileReference; explicitFileType = wrapper.cfbundle; includeInIndex = 0; path = "SwiftUI-ChatGPT-AppUITests.xctest"; sourceTree = BUILT_PRODUCTS_DIR; };
		9551D2D629664DB300902AE7 /* SwiftUI_ChatGPT_AppUITests.swift */ = {isa = PBXFileReference; lastKnownFileType = sourcecode.swift; path = SwiftUI_ChatGPT_AppUITests.swift; sourceTree = "<group>"; };
		9551D2D829664DB300902AE7 /* SwiftUI_ChatGPT_AppUITestsLaunchTests.swift */ = {isa = PBXFileReference; lastKnownFileType = sourcecode.swift; path = SwiftUI_ChatGPT_AppUITestsLaunchTests.swift; sourceTree = "<group>"; };
/* End PBXFileReference section */

/* Begin PBXFrameworksBuildPhase section */
		9551D2B529664DB200902AE7 /* Frameworks */ = {
			isa = PBXFrameworksBuildPhase;
			buildActionMask = 2147483647;
			files = (
				9551D2E729664E2C00902AE7 /* OpenAISwift in Frameworks */,
				9551D2EA29665C2800902AE7 /* PKHUD in Frameworks */,
			);
			runOnlyForDeploymentPostprocessing = 0;
		};
		9551D2C529664DB300902AE7 /* Frameworks */ = {
			isa = PBXFrameworksBuildPhase;
			buildActionMask = 2147483647;
			files = (
			);
			runOnlyForDeploymentPostprocessing = 0;
		};
		9551D2CF29664DB300902AE7 /* Frameworks */ = {
			isa = PBXFrameworksBuildPhase;
			buildActionMask = 2147483647;
			files = (
			);
			runOnlyForDeploymentPostprocessing = 0;
		};
/* End PBXFrameworksBuildPhase section */

/* Begin PBXGroup section */
		9551D2AF29664DB200902AE7 = {
			isa = PBXGroup;
			children = (
				9551D2BA29664DB200902AE7 /* SwiftUI-ChatGPT-App */,
				9551D2CB29664DB300902AE7 /* SwiftUI-ChatGPT-AppTests */,
				9551D2D529664DB300902AE7 /* SwiftUI-ChatGPT-AppUITests */,
				9551D2B929664DB200902AE7 /* Products */,
			);
			sourceTree = "<group>";
		};
		9551D2B929664DB200902AE7 /* Products */ = {
			isa = PBXGroup;
			children = (
				9551D2B829664DB200902AE7 /* SwiftUI-ChatGPT-App.app */,
				9551D2C829664DB300902AE7 /* SwiftUI-ChatGPT-AppTests.xctest */,
				9551D2D229664DB300902AE7 /* SwiftUI-ChatGPT-AppUITests.xctest */,
			);
			name = Products;
			sourceTree = "<group>";
		};
		9551D2BA29664DB200902AE7 /* SwiftUI-ChatGPT-App */ = {
			isa = PBXGroup;
			children = (
				9551D2BB29664DB200902AE7 /* SwiftUI_ChatGPT_AppApp.swift */,
				9551D2BD29664DB200902AE7 /* ContentView.swift */,
				9551D2BF29664DB300902AE7 /* Assets.xcassets */,
				9551D2C129664DB300902AE7 /* Preview Content */,
			);
			path = "SwiftUI-ChatGPT-App";
			sourceTree = "<group>";
		};
		9551D2C129664DB300902AE7 /* Preview Content */ = {
			isa = PBXGroup;
			children = (
				9551D2C229664DB300902AE7 /* Preview Assets.xcassets */,
			);
			path = "Preview Content";
			sourceTree = "<group>";
		};
		9551D2CB29664DB300902AE7 /* SwiftUI-ChatGPT-AppTests */ = {
			isa = PBXGroup;
			children = (
				9551D2CC29664DB300902AE7 /* SwiftUI_ChatGPT_AppTests.swift */,
			);
			path = "SwiftUI-ChatGPT-AppTests";
			sourceTree = "<group>";
		};
		9551D2D529664DB300902AE7 /* SwiftUI-ChatGPT-AppUITests */ = {
			isa = PBXGroup;
			children = (
				9551D2D629664DB300902AE7 /* SwiftUI_ChatGPT_AppUITests.swift */,
				9551D2D829664DB300902AE7 /* SwiftUI_ChatGPT_AppUITestsLaunchTests.swift */,
			);
			path = "SwiftUI-ChatGPT-AppUITests";
			sourceTree = "<group>";
		};
/* End PBXGroup section */

/* Begin PBXNativeTarget section */
		9551D2B729664DB200902AE7 /* SwiftUI-ChatGPT-App */ = {
			isa = PBXNativeTarget;
			buildConfigurationList = 9551D2DC29664DB300902AE7 /* Build configuration list for PBXNativeTarget "SwiftUI-ChatGPT-App" */;
			buildPhases = (
				9551D2B429664DB200902AE7 /* Sources */,
				9551D2B529664DB200902AE7 /* Frameworks */,
				9551D2B629664DB200902AE7 /* Resources */,
			);
			buildRules = (
			);
			dependencies = (
			);
			name = "SwiftUI-ChatGPT-App";
			packageProductDependencies = (
				9551D2E629664E2C00902AE7 /* OpenAISwift */,
				9551D2E929665C2800902AE7 /* PKHUD */,
			);
			productName = "SwiftUI-ChatGPT-App";
			productReference = 9551D2B829664DB200902AE7 /* SwiftUI-ChatGPT-App.app */;
			productType = "com.apple.product-type.application";
		};
		9551D2C729664DB300902AE7 /* SwiftUI-ChatGPT-AppTests */ = {
			isa = PBXNativeTarget;
			buildConfigurationList = 9551D2DF29664DB300902AE7 /* Build configuration list for PBXNativeTarget "SwiftUI-ChatGPT-AppTests" */;
			buildPhases = (
				9551D2C429664DB300902AE7 /* Sources */,
				9551D2C529664DB300902AE7 /* Frameworks */,
				9551D2C629664DB300902AE7 /* Resources */,
			);
			buildRules = (
			);
			dependencies = (
				9551D2CA29664DB300902AE7 /* PBXTargetDependency */,
			);
			name = "SwiftUI-ChatGPT-AppTests";
			productName = "SwiftUI-ChatGPT-AppTests";
			productReference = 9551D2C829664DB300902AE7 /* SwiftUI-ChatGPT-AppTests.xctest */;
			productType = "com.apple.product-type.bundle.unit-test";
		};
		9551D2D129664DB300902AE7 /* SwiftUI-ChatGPT-AppUITests */ = {
			isa = PBXNativeTarget;
			buildConfigurationList = 9551D2E229664DB300902AE7 /* Build configuration list for PBXNativeTarget "SwiftUI-ChatGPT-AppUITests" */;
			buildPhases = (
				9551D2CE29664DB300902AE7 /* Sources */,
				9551D2CF29664DB300902AE7 /* Frameworks */,
				9551D2D029664DB300902AE7 /* Resources */,
			);
			buildRules = (
			);
			dependencies = (
				9551D2D429664DB300902AE7 /* PBXTargetDependency */,
			);
			name = "SwiftUI-ChatGPT-AppUITests";
			productName = "SwiftUI-ChatGPT-AppUITests";
			productReference = 9551D2D229664DB300902AE7 /* SwiftUI-ChatGPT-AppUITests.xctest */;
			productType = "com.apple.product-type.bundle.ui-testing";
		};
/* End PBXNativeTarget section */

/* Begin PBXProject section */
		9551D2B029664DB200902AE7 /* Project object */ = {
			isa = PBXProject;
			attributes = {
				BuildIndependentTargetsInParallel = 1;
				LastSwiftUpdateCheck = 1420;
				LastUpgradeCheck = 1420;
				TargetAttributes = {
					9551D2B729664DB200902AE7 = {
						CreatedOnToolsVersion = 14.2;
					};
					9551D2C729664DB300902AE7 = {
						CreatedOnToolsVersion = 14.2;
						TestTargetID = 9551D2B729664DB200902AE7;
					};
					9551D2D129664DB300902AE7 = {
						CreatedOnToolsVersion = 14.2;
						TestTargetID = 9551D2B729664DB200902AE7;
					};
				};
			};
			buildConfigurationList = 9551D2B329664DB200902AE7 /* Build configuration list for PBXProject "SwiftUI-ChatGPT-App" */;
			compatibilityVersion = "Xcode 14.0";
			developmentRegion = en;
			hasScannedForEncodings = 0;
			knownRegions = (
				en,
				Base,
			);
			mainGroup = 9551D2AF29664DB200902AE7;
			packageReferences = (
				9551D2E529664E2C00902AE7 /* XCRemoteSwiftPackageReference "OpenAISwift" */,
				9551D2E829665C2800902AE7 /* XCRemoteSwiftPackageReference "PKHUD" */,
			);
			productRefGroup = 9551D2B929664DB200902AE7 /* Products */;
			projectDirPath = "";
			projectRoot = "";
			targets = (
				9551D2B729664DB200902AE7 /* SwiftUI-ChatGPT-App */,
				9551D2C729664DB300902AE7 /* SwiftUI-ChatGPT-AppTests */,
				9551D2D129664DB300902AE7 /* SwiftUI-ChatGPT-AppUITests */,
			);
		};
/* End PBXProject section */

/* Begin PBXResourcesBuildPhase section */
		9551D2B629664DB200902AE7 /* Resources */ = {
			isa = PBXResourcesBuildPhase;
			buildActionMask = 2147483647;
			files = (
				9551D2C329664DB300902AE7 /* Preview Assets.xcassets in Resources */,
				9551D2C029664DB300902AE7 /* Assets.xcassets in Resources */,
			);
			runOnlyForDeploymentPostprocessing = 0;
		};
		9551D2C629664DB300902AE7 /* Resources */ = {
			isa = PBXResourcesBuildPhase;
			buildActionMask = 2147483647;
			files = (
			);
			runOnlyForDeploymentPostprocessing = 0;
		};
		9551D2D029664DB300902AE7 /* Resources */ = {
			isa = PBXResourcesBuildPhase;
			buildActionMask = 2147483647;
			files = (
			);
			runOnlyForDeploymentPostprocessing = 0;
		};
/* End PBXResourcesBuildPhase section */

/* Begin PBXSourcesBuildPhase section */
		9551D2B429664DB200902AE7 /* Sources */ = {
			isa = PBXSourcesBuildPhase;
			buildActionMask = 2147483647;
			files = (
				9551D2BE29664DB200902AE7 /* ContentView.swift in Sources */,
				9551D2BC29664DB200902AE7 /* SwiftUI_ChatGPT_AppApp.swift in Sources */,
			);
			runOnlyForDeploymentPostprocessing = 0;
		};
		9551D2C429664DB300902AE7 /* Sources */ = {
			isa = PBXSourcesBuildPhase;
			buildActionMask = 2147483647;
			files = (
				9551D2CD29664DB300902AE7 /* SwiftUI_ChatGPT_AppTests.swift in Sources */,
			);
			runOnlyForDeploymentPostprocessing = 0;
		};
		9551D2CE29664DB300902AE7 /* Sources */ = {
			isa = PBXSourcesBuildPhase;
			buildActionMask = 2147483647;
			files = (
				9551D2D929664DB300902AE7 /* SwiftUI_ChatGPT_AppUITestsLaunchTests.swift in Sources */,
				9551D2D729664DB300902AE7 /* SwiftUI_ChatGPT_AppUITests.swift in Sources */,
			);
			runOnlyForDeploymentPostprocessing = 0;
		};
/* End PBXSourcesBuildPhase section */

/* Begin PBXTargetDependency section */
		9551D2CA29664DB300902AE7 /* PBXTargetDependency */ = {
			isa = PBXTargetDependency;
			target = 9551D2B729664DB200902AE7 /* SwiftUI-ChatGPT-App */;
			targetProxy = 9551D2C929664DB300902AE7 /* PBXContainerItemProxy */;
		};
		9551D2D429664DB300902AE7 /* PBXTargetDependency */ = {
			isa = PBXTargetDependency;
			target = 9551D2B729664DB200902AE7 /* SwiftUI-ChatGPT-App */;
			targetProxy = 9551D2D329664DB300902AE7 /* PBXContainerItemProxy */;
		};
/* End PBXTargetDependency section */

/* Begin XCBuildConfiguration section */
		9551D2DA29664DB300902AE7 /* Debug */ = {
			isa = XCBuildConfiguration;
			buildSettings = {
				ALWAYS_SEARCH_USER_PATHS = NO;
				CLANG_ANALYZER_NONNULL = YES;
				CLANG_ANALYZER_NUMBER_OBJECT_CONVERSION = YES_AGGRESSIVE;
				CLANG_CXX_LANGUAGE_STANDARD = "gnu++20";
				CLANG_ENABLE_MODULES = YES;
				CLANG_ENABLE_OBJC_ARC = YES;
				CLANG_ENABLE_OBJC_WEAK = YES;
				CLANG_WARN_BLOCK_CAPTURE_AUTORELEASING = YES;
				CLANG_WARN_BOOL_CONVERSION = YES;
				CLANG_WARN_COMMA = YES;
				CLANG_WARN_CONSTANT_CONVERSION = YES;
				CLANG_WARN_DEPRECATED_OBJC_IMPLEMENTATIONS = YES;
				CLANG_WARN_DIRECT_OBJC_ISA_USAGE = YES_ERROR;
				CLANG_WARN_DOCUMENTATION_COMMENTS = YES;
				CLANG_WARN_EMPTY_BODY = YES;
				CLANG_WARN_ENUM_CONVERSION = YES;
				CLANG_WARN_INFINITE_RECURSION = YES;
				CLANG_WARN_INT_CONVERSION = YES;
				CLANG_WARN_NON_LITERAL_NULL_CONVERSION = YES;
				CLANG_WARN_OBJC_IMPLICIT_RETAIN_SELF = YES;
				CLANG_WARN_OBJC_LITERAL_CONVERSION = YES;
				CLANG_WARN_OBJC_ROOT_CLASS = YES_ERROR;
				CLANG_WARN_QUOTED_INCLUDE_IN_FRAMEWORK_HEADER = YES;
				CLANG_WARN_RANGE_LOOP_ANALYSIS = YES;
				CLANG_WARN_STRICT_PROTOTYPES = YES;
				CLANG_WARN_SUSPICIOUS_MOVE = YES;
				CLANG_WARN_UNGUARDED_AVAILABILITY = YES_AGGRESSIVE;
				CLANG_WARN_UNREACHABLE_CODE = YES;
				CLANG_WARN__DUPLICATE_METHOD_MATCH = YES;
				COPY_PHASE_STRIP = NO;
				DEBUG_INFORMATION_FORMAT = dwarf;
				ENABLE_STRICT_OBJC_MSGSEND = YES;
				ENABLE_TESTABILITY = YES;
				GCC_C_LANGUAGE_STANDARD = gnu11;
				GCC_DYNAMIC_NO_PIC = NO;
				GCC_NO_COMMON_BLOCKS = YES;
				GCC_OPTIMIZATION_LEVEL = 0;
				GCC_PREPROCESSOR_DEFINITIONS = (
					"DEBUG=1",
					"$(inherited)",
				);
				GCC_WARN_64_TO_32_BIT_CONVERSION = YES;
				GCC_WARN_ABOUT_RETURN_TYPE = YES_ERROR;
				GCC_WARN_UNDECLARED_SELECTOR = YES;
				GCC_WARN_UNINITIALIZED_AUTOS = YES_AGGRESSIVE;
				GCC_WARN_UNUSED_FUNCTION = YES;
				GCC_WARN_UNUSED_VARIABLE = YES;
				IPHONEOS_DEPLOYMENT_TARGET = 16.2;
				MTL_ENABLE_DEBUG_INFO = INCLUDE_SOURCE;
				MTL_FAST_MATH = YES;
				ONLY_ACTIVE_ARCH = YES;
				SDKROOT = iphoneos;
				SWIFT_ACTIVE_COMPILATION_CONDITIONS = DEBUG;
				SWIFT_OPTIMIZATION_LEVEL = "-Onone";
			};
			name = Debug;
		};
		9551D2DB29664DB300902AE7 /* Release */ = {
			isa = XCBuildConfiguration;
			buildSettings = {
				ALWAYS_SEARCH_USER_PATHS = NO;
				CLANG_ANALYZER_NONNULL = YES;
				CLANG_ANALYZER_NUMBER_OBJECT_CONVERSION = YES_AGGRESSIVE;
				CLANG_CXX_LANGUAGE_STANDARD = "gnu++20";
				CLANG_ENABLE_MODULES = YES;
				CLANG_ENABLE_OBJC_ARC = YES;
				CLANG_ENABLE_OBJC_WEAK = YES;
				CLANG_WARN_BLOCK_CAPTURE_AUTORELEASING = YES;
				CLANG_WARN_BOOL_CONVERSION = YES;
				CLANG_WARN_COMMA = YES;
				CLANG_WARN_CONSTANT_CONVERSION = YES;
				CLANG_WARN_DEPRECATED_OBJC_IMPLEMENTATIONS = YES;
				CLANG_WARN_DIRECT_OBJC_ISA_USAGE = YES_ERROR;
				CLANG_WARN_DOCUMENTATION_COMMENTS = YES;
				CLANG_WARN_EMPTY_BODY = YES;
				CLANG_WARN_ENUM_CONVERSION = YES;
				CLANG_WARN_INFINITE_RECURSION = YES;
				CLANG_WARN_INT_CONVERSION = YES;
				CLANG_WARN_NON_LITERAL_NULL_CONVERSION = YES;
				CLANG_WARN_OBJC_IMPLICIT_RETAIN_SELF = YES;
				CLANG_WARN_OBJC_LITERAL_CONVERSION = YES;
				CLANG_WARN_OBJC_ROOT_CLASS = YES_ERROR;
				CLANG_WARN_QUOTED_INCLUDE_IN_FRAMEWORK_HEADER = YES;
				CLANG_WARN_RANGE_LOOP_ANALYSIS = YES;
				CLANG_WARN_STRICT_PROTOTYPES = YES;
				CLANG_WARN_SUSPICIOUS_MOVE = YES;
				CLANG_WARN_UNGUARDED_AVAILABILITY = YES_AGGRESSIVE;
				CLANG_WARN_UNREACHABLE_CODE = YES;
				CLANG_WARN__DUPLICATE_METHOD_MATCH = YES;
				COPY_PHASE_STRIP = NO;
				DEBUG_INFORMATION_FORMAT = "dwarf-with-dsym";
				ENABLE_NS_ASSERTIONS = NO;
				ENABLE_STRICT_OBJC_MSGSEND = YES;
				GCC_C_LANGUAGE_STANDARD = gnu11;
				GCC_NO_COMMON_BLOCKS = YES;
				GCC_WARN_64_TO_32_BIT_CONVERSION = YES;
				GCC_WARN_ABOUT_RETURN_TYPE = YES_ERROR;
				GCC_WARN_UNDECLARED_SELECTOR = YES;
				GCC_WARN_UNINITIALIZED_AUTOS = YES_AGGRESSIVE;
				GCC_WARN_UNUSED_FUNCTION = YES;
				GCC_WARN_UNUSED_VARIABLE = YES;
				IPHONEOS_DEPLOYMENT_TARGET = 16.2;
				MTL_ENABLE_DEBUG_INFO = NO;
				MTL_FAST_MATH = YES;
				SDKROOT = iphoneos;
				SWIFT_COMPILATION_MODE = wholemodule;
				SWIFT_OPTIMIZATION_LEVEL = "-O";
				VALIDATE_PRODUCT = YES;
			};
			name = Release;
		};
		9551D2DD29664DB300902AE7 /* Debug */ = {
			isa = XCBuildConfiguration;
			buildSettings = {
				ASSETCATALOG_COMPILER_APPICON_NAME = AppIcon;
				ASSETCATALOG_COMPILER_GLOBAL_ACCENT_COLOR_NAME = AccentColor;
				CODE_SIGN_STYLE = Automatic;
				CURRENT_PROJECT_VERSION = 1;
				DEVELOPMENT_ASSET_PATHS = "\"SwiftUI-ChatGPT-App/Preview Content\"";
				DEVELOPMENT_TEAM = 7X9S244452;
				ENABLE_PREVIEWS = YES;
				GENERATE_INFOPLIST_FILE = YES;
				INFOPLIST_KEY_UIApplicationSceneManifest_Generation = YES;
				INFOPLIST_KEY_UIApplicationSupportsIndirectInputEvents = YES;
				INFOPLIST_KEY_UILaunchScreen_Generation = YES;
				INFOPLIST_KEY_UISupportedInterfaceOrientations_iPad = "UIInterfaceOrientationPortrait UIInterfaceOrientationPortraitUpsideDown UIInterfaceOrientationLandscapeLeft UIInterfaceOrientationLandscapeRight";
				INFOPLIST_KEY_UISupportedInterfaceOrientations_iPhone = "UIInterfaceOrientationPortrait UIInterfaceOrientationLandscapeLeft UIInterfaceOrientationLandscapeRight";
				LD_RUNPATH_SEARCH_PATHS = (
					"$(inherited)",
					"@executable_path/Frameworks",
				);
				MARKETING_VERSION = 1.0;
				PRODUCT_BUNDLE_IDENTIFIER = "com.mkondo.SwiftUI-ChatGPT-App";
				PRODUCT_NAME = "$(TARGET_NAME)";
				SWIFT_EMIT_LOC_STRINGS = YES;
				SWIFT_VERSION = 5.0;
				TARGETED_DEVICE_FAMILY = "1,2";
			};
			name = Debug;
		};
		9551D2DE29664DB300902AE7 /* Release */ = {
			isa = XCBuildConfiguration;
			buildSettings = {
				ASSETCATALOG_COMPILER_APPICON_NAME = AppIcon;
				ASSETCATALOG_COMPILER_GLOBAL_ACCENT_COLOR_NAME = AccentColor;
				CODE_SIGN_STYLE = Automatic;
				CURRENT_PROJECT_VERSION = 1;
				DEVELOPMENT_ASSET_PATHS = "\"SwiftUI-ChatGPT-App/Preview Content\"";
				DEVELOPMENT_TEAM = 7X9S244452;
				ENABLE_PREVIEWS = YES;
				GENERATE_INFOPLIST_FILE = YES;
				INFOPLIST_KEY_UIApplicationSceneManifest_Generation = YES;
				INFOPLIST_KEY_UIApplicationSupportsIndirectInputEvents = YES;
				INFOPLIST_KEY_UILaunchScreen_Generation = YES;
				INFOPLIST_KEY_UISupportedInterfaceOrientations_iPad = "UIInterfaceOrientationPortrait UIInterfaceOrientationPortraitUpsideDown UIInterfaceOrientationLandscapeLeft UIInterfaceOrientationLandscapeRight";
				INFOPLIST_KEY_UISupportedInterfaceOrientations_iPhone = "UIInterfaceOrientationPortrait UIInterfaceOrientationLandscapeLeft UIInterfaceOrientationLandscapeRight";
				LD_RUNPATH_SEARCH_PATHS = (
					"$(inherited)",
					"@executable_path/Frameworks",
				);
				MARKETING_VERSION = 1.0;
				PRODUCT_BUNDLE_IDENTIFIER = "com.mkondo.SwiftUI-ChatGPT-App";
				PRODUCT_NAME = "$(TARGET_NAME)";
				SWIFT_EMIT_LOC_STRINGS = YES;
				SWIFT_VERSION = 5.0;
				TARGETED_DEVICE_FAMILY = "1,2";
			};
			name = Release;
		};
		9551D2E029664DB300902AE7 /* Debug */ = {
			isa = XCBuildConfiguration;
			buildSettings = {
				ALWAYS_EMBED_SWIFT_STANDARD_LIBRARIES = YES;
				BUNDLE_LOADER = "$(TEST_HOST)";
				CODE_SIGN_STYLE = Automatic;
				CURRENT_PROJECT_VERSION = 1;
				DEVELOPMENT_TEAM = 7X9S244452;
				GENERATE_INFOPLIST_FILE = YES;
				IPHONEOS_DEPLOYMENT_TARGET = 16.2;
				MARKETING_VERSION = 1.0;
				PRODUCT_BUNDLE_IDENTIFIER = "com.mkondo.SwiftUI-ChatGPT-AppTests";
				PRODUCT_NAME = "$(TARGET_NAME)";
				SWIFT_EMIT_LOC_STRINGS = NO;
				SWIFT_VERSION = 5.0;
				TARGETED_DEVICE_FAMILY = "1,2";
				TEST_HOST = "$(BUILT_PRODUCTS_DIR)/SwiftUI-ChatGPT-App.app/$(BUNDLE_EXECUTABLE_FOLDER_PATH)/SwiftUI-ChatGPT-App";
			};
			name = Debug;
		};
		9551D2E129664DB300902AE7 /* Release */ = {
			isa = XCBuildConfiguration;
			buildSettings = {
				ALWAYS_EMBED_SWIFT_STANDARD_LIBRARIES = YES;
				BUNDLE_LOADER = "$(TEST_HOST)";
				CODE_SIGN_STYLE = Automatic;
				CURRENT_PROJECT_VERSION = 1;
				DEVELOPMENT_TEAM = 7X9S244452;
				GENERATE_INFOPLIST_FILE = YES;
				IPHONEOS_DEPLOYMENT_TARGET = 16.2;
				MARKETING_VERSION = 1.0;
				PRODUCT_BUNDLE_IDENTIFIER = "com.mkondo.SwiftUI-ChatGPT-AppTests";
				PRODUCT_NAME = "$(TARGET_NAME)";
				SWIFT_EMIT_LOC_STRINGS = NO;
				SWIFT_VERSION = 5.0;
				TARGETED_DEVICE_FAMILY = "1,2";
				TEST_HOST = "$(BUILT_PRODUCTS_DIR)/SwiftUI-ChatGPT-App.app/$(BUNDLE_EXECUTABLE_FOLDER_PATH)/SwiftUI-ChatGPT-App";
			};
			name = Release;
		};
		9551D2E329664DB300902AE7 /* Debug */ = {
			isa = XCBuildConfiguration;
			buildSettings = {
				ALWAYS_EMBED_SWIFT_STANDARD_LIBRARIES = YES;
				CODE_SIGN_STYLE = Automatic;
				CURRENT_PROJECT_VERSION = 1;
				DEVELOPMENT_TEAM = 7X9S244452;
				GENERATE_INFOPLIST_FILE = YES;
				MARKETING_VERSION = 1.0;
				PRODUCT_BUNDLE_IDENTIFIER = "com.mkondo.SwiftUI-ChatGPT-AppUITests";
				PRODUCT_NAME = "$(TARGET_NAME)";
				SWIFT_EMIT_LOC_STRINGS = NO;
				SWIFT_VERSION = 5.0;
				TARGETED_DEVICE_FAMILY = "1,2";
				TEST_TARGET_NAME = "SwiftUI-ChatGPT-App";
			};
			name = Debug;
		};
		9551D2E429664DB300902AE7 /* Release */ = {
			isa = XCBuildConfiguration;
			buildSettings = {
				ALWAYS_EMBED_SWIFT_STANDARD_LIBRARIES = YES;
				CODE_SIGN_STYLE = Automatic;
				CURRENT_PROJECT_VERSION = 1;
				DEVELOPMENT_TEAM = 7X9S244452;
				GENERATE_INFOPLIST_FILE = YES;
				MARKETING_VERSION = 1.0;
				PRODUCT_BUNDLE_IDENTIFIER = "com.mkondo.SwiftUI-ChatGPT-AppUITests";
				PRODUCT_NAME = "$(TARGET_NAME)";
				SWIFT_EMIT_LOC_STRINGS = NO;
				SWIFT_VERSION = 5.0;
				TARGETED_DEVICE_FAMILY = "1,2";
				TEST_TARGET_NAME = "SwiftUI-ChatGPT-App";
			};
			name = Release;
		};
/* End XCBuildConfiguration section */

/* Begin XCConfigurationList section */
		9551D2B329664DB200902AE7 /* Build configuration list for PBXProject "SwiftUI-ChatGPT-App" */ = {
			isa = XCConfigurationList;
			buildConfigurations = (
				9551D2DA29664DB300902AE7 /* Debug */,
				9551D2DB29664DB300902AE7 /* Release */,
			);
			defaultConfigurationIsVisible = 0;
			defaultConfigurationName = Release;
		};
		9551D2DC29664DB300902AE7 /* Build configuration list for PBXNativeTarget "SwiftUI-ChatGPT-App" */ = {
			isa = XCConfigurationList;
			buildConfigurations = (
				9551D2DD29664DB300902AE7 /* Debug */,
				9551D2DE29664DB300902AE7 /* Release */,
			);
			defaultConfigurationIsVisible = 0;
			defaultConfigurationName = Release;
		};
		9551D2DF29664DB300902AE7 /* Build configuration list for PBXNativeTarget "SwiftUI-ChatGPT-AppTests" */ = {
			isa = XCConfigurationList;
			buildConfigurations = (
				9551D2E029664DB300902AE7 /* Debug */,
				9551D2E129664DB300902AE7 /* Release */,
			);
			defaultConfigurationIsVisible = 0;
			defaultConfigurationName = Release;
		};
		9551D2E229664DB300902AE7 /* Build configuration list for PBXNativeTarget "SwiftUI-ChatGPT-AppUITests" */ = {
			isa = XCConfigurationList;
			buildConfigurations = (
				9551D2E329664DB300902AE7 /* Debug */,
				9551D2E429664DB300902AE7 /* Release */,
			);
			defaultConfigurationIsVisible = 0;
			defaultConfigurationName = Release;
		};
/* End XCConfigurationList section */

/* Begin XCRemoteSwiftPackageReference section */
		9551D2E529664E2C00902AE7 /* XCRemoteSwiftPackageReference "OpenAISwift" */ = {
			isa = XCRemoteSwiftPackageReference;
			repositoryURL = "https://github.com/adamrushy/OpenAISwift";
			requirement = {
				kind = upToNextMajorVersion;
				minimumVersion = 1.0.0;
			};
		};
		9551D2E829665C2800902AE7 /* XCRemoteSwiftPackageReference "PKHUD" */ = {
			isa = XCRemoteSwiftPackageReference;
			repositoryURL = "https://github.com/pkluz/PKHUD";
			requirement = {
				branch = master;
				kind = branch;
			};
		};
/* End XCRemoteSwiftPackageReference section */

/* Begin XCSwiftPackageProductDependency section */
		9551D2E629664E2C00902AE7 /* OpenAISwift */ = {
			isa = XCSwiftPackageProductDependency;
			package = 9551D2E529664E2C00902AE7 /* XCRemoteSwiftPackageReference "OpenAISwift" */;
			productName = OpenAISwift;
		};
		9551D2E929665C2800902AE7 /* PKHUD */ = {
			isa = XCSwiftPackageProductDependency;
			package = 9551D2E829665C2800902AE7 /* XCRemoteSwiftPackageReference "PKHUD" */;
			productName = PKHUD;
		};
/* End XCSwiftPackageProductDependency section */
	};
	rootObject = 9551D2B029664DB200902AE7 /* Project object */;
}
